// !$*UTF8*$!
{
	archiveVersion = 1;
	classes = {
	};
	objectVersion = 51;
	objects = {

/* Begin PBXBuildFile section */
		06819F46EA19BBCD0C2090A2 /* Pods_ColLaTeXTests.framework in Frameworks */ = {isa = PBXBuildFile; fileRef = 56B21645CDC2BB75436127C5 /* Pods_ColLaTeXTests.framework */; };
		65CE784CE8445562AD38AFA3 /* Pods_ColLaTeX_ColLaTeXUITests.framework in Frameworks */ = {isa = PBXBuildFile; fileRef = FB4ACC7F3C8EE63D2818CA27 /* Pods_ColLaTeX_ColLaTeXUITests.framework */; };
		C9BF0443269CD39900926C35 /* AppDelegate.m in Sources */ = {isa = PBXBuildFile; fileRef = C9BF0442269CD39900926C35 /* AppDelegate.m */; };
		C9BF0446269CD39900926C35 /* SceneDelegate.m in Sources */ = {isa = PBXBuildFile; fileRef = C9BF0445269CD39900926C35 /* SceneDelegate.m */; };
		C9BF044C269CD39900926C35 /* Main.storyboard in Resources */ = {isa = PBXBuildFile; fileRef = C9BF044A269CD39900926C35 /* Main.storyboard */; };
		C9BF044E269CD39A00926C35 /* Assets.xcassets in Resources */ = {isa = PBXBuildFile; fileRef = C9BF044D269CD39A00926C35 /* Assets.xcassets */; };
		C9BF0451269CD39A00926C35 /* LaunchScreen.storyboard in Resources */ = {isa = PBXBuildFile; fileRef = C9BF044F269CD39A00926C35 /* LaunchScreen.storyboard */; };
		C9BF0454269CD39A00926C35 /* main.m in Sources */ = {isa = PBXBuildFile; fileRef = C9BF0453269CD39A00926C35 /* main.m */; };
		C9BF045E269CD39A00926C35 /* ColLaTeXTests.m in Sources */ = {isa = PBXBuildFile; fileRef = C9BF045D269CD39A00926C35 /* ColLaTeXTests.m */; };
		C9BF0469269CD39B00926C35 /* ColLaTeXUITests.m in Sources */ = {isa = PBXBuildFile; fileRef = C9BF0468269CD39B00926C35 /* ColLaTeXUITests.m */; };
		C9BF0477269D06AF00926C35 /* Keys.plist in Resources */ = {isa = PBXBuildFile; fileRef = C9BF0476269D06AF00926C35 /* Keys.plist */; };
		C9BF047B269DD50600926C35 /* Document.m in Sources */ = {isa = PBXBuildFile; fileRef = C9BF047A269DD50600926C35 /* Document.m */; };
		C9BF047F269DE79300926C35 /* SignUpViewController.m in Sources */ = {isa = PBXBuildFile; fileRef = C9BF047E269DE79300926C35 /* SignUpViewController.m */; };
		C9BF0483269DECC900926C35 /* ImageHelper.m in Sources */ = {isa = PBXBuildFile; fileRef = C9BF0482269DECC900926C35 /* ImageHelper.m */; };
		C9BF0486269DF5BF00926C35 /* LoginViewController.m in Sources */ = {isa = PBXBuildFile; fileRef = C9BF0485269DF5BF00926C35 /* LoginViewController.m */; };
		C9BF0489269DF92700926C35 /* ProfileViewController.m in Sources */ = {isa = PBXBuildFile; fileRef = C9BF0488269DF92700926C35 /* ProfileViewController.m */; };
		C9BF048C269E183C00926C35 /* MyDocumentsViewController.m in Sources */ = {isa = PBXBuildFile; fileRef = C9BF048B269E183C00926C35 /* MyDocumentsViewController.m */; };
		C9BF0490269E186C00926C35 /* MyDocumentCell.m in Sources */ = {isa = PBXBuildFile; fileRef = C9BF048F269E186C00926C35 /* MyDocumentCell.m */; };
		C9BF0493269E25D600926C35 /* CreateViewController.m in Sources */ = {isa = PBXBuildFile; fileRef = C9BF0492269E25D600926C35 /* CreateViewController.m */; };
		C9BF0496269F37ED00926C35 /* SharedWithMeViewController.m in Sources */ = {isa = PBXBuildFile; fileRef = C9BF0495269F37ED00926C35 /* SharedWithMeViewController.m */; };
		C9BF0499269F37FF00926C35 /* SharedCell.m in Sources */ = {isa = PBXBuildFile; fileRef = C9BF0498269F37FF00926C35 /* SharedCell.m */; };
		C9BF049C269F646100926C35 /* ComposeViewController.m in Sources */ = {isa = PBXBuildFile; fileRef = C9BF049B269F646100926C35 /* ComposeViewController.m */; };
		D8117B3DE02B5501A12DCA0C /* Pods_ColLaTeX.framework in Frameworks */ = {isa = PBXBuildFile; fileRef = 5C6F402D73A8A848B63DFAE4 /* Pods_ColLaTeX.framework */; };
/* End PBXBuildFile section */

/* Begin PBXContainerItemProxy section */
		C9BF045A269CD39A00926C35 /* PBXContainerItemProxy */ = {
			isa = PBXContainerItemProxy;
			containerPortal = C9BF0436269CD39900926C35 /* Project object */;
			proxyType = 1;
			remoteGlobalIDString = C9BF043D269CD39900926C35;
			remoteInfo = ColLaTeX;
		};
		C9BF0465269CD39B00926C35 /* PBXContainerItemProxy */ = {
			isa = PBXContainerItemProxy;
			containerPortal = C9BF0436269CD39900926C35 /* Project object */;
			proxyType = 1;
			remoteGlobalIDString = C9BF043D269CD39900926C35;
			remoteInfo = ColLaTeX;
		};
/* End PBXContainerItemProxy section */

/* Begin PBXFileReference section */
		56B21645CDC2BB75436127C5 /* Pods_ColLaTeXTests.framework */ = {isa = PBXFileReference; explicitFileType = wrapper.framework; includeInIndex = 0; path = Pods_ColLaTeXTests.framework; sourceTree = BUILT_PRODUCTS_DIR; };
		5C6F402D73A8A848B63DFAE4 /* Pods_ColLaTeX.framework */ = {isa = PBXFileReference; explicitFileType = wrapper.framework; includeInIndex = 0; path = Pods_ColLaTeX.framework; sourceTree = BUILT_PRODUCTS_DIR; };
		9749783729D4CBAA8A083BB3 /* Pods-ColLaTeX-ColLaTeXUITests.release.xcconfig */ = {isa = PBXFileReference; includeInIndex = 1; lastKnownFileType = text.xcconfig; name = "Pods-ColLaTeX-ColLaTeXUITests.release.xcconfig"; path = "Target Support Files/Pods-ColLaTeX-ColLaTeXUITests/Pods-ColLaTeX-ColLaTeXUITests.release.xcconfig"; sourceTree = "<group>"; };
		C29CF37FA8ACAA98925BE6B3 /* Pods-ColLaTeX-ColLaTeXUITests.debug.xcconfig */ = {isa = PBXFileReference; includeInIndex = 1; lastKnownFileType = text.xcconfig; name = "Pods-ColLaTeX-ColLaTeXUITests.debug.xcconfig"; path = "Target Support Files/Pods-ColLaTeX-ColLaTeXUITests/Pods-ColLaTeX-ColLaTeXUITests.debug.xcconfig"; sourceTree = "<group>"; };
		C796579AEA91A9775850DB7D /* Pods-ColLaTeXTests.debug.xcconfig */ = {isa = PBXFileReference; includeInIndex = 1; lastKnownFileType = text.xcconfig; name = "Pods-ColLaTeXTests.debug.xcconfig"; path = "Target Support Files/Pods-ColLaTeXTests/Pods-ColLaTeXTests.debug.xcconfig"; sourceTree = "<group>"; };
		C9BF043E269CD39900926C35 /* ColLaTeX.app */ = {isa = PBXFileReference; explicitFileType = wrapper.application; includeInIndex = 0; path = ColLaTeX.app; sourceTree = BUILT_PRODUCTS_DIR; };
		C9BF0441269CD39900926C35 /* AppDelegate.h */ = {isa = PBXFileReference; lastKnownFileType = sourcecode.c.h; path = AppDelegate.h; sourceTree = "<group>"; };
		C9BF0442269CD39900926C35 /* AppDelegate.m */ = {isa = PBXFileReference; lastKnownFileType = sourcecode.c.objc; path = AppDelegate.m; sourceTree = "<group>"; };
		C9BF0444269CD39900926C35 /* SceneDelegate.h */ = {isa = PBXFileReference; lastKnownFileType = sourcecode.c.h; path = SceneDelegate.h; sourceTree = "<group>"; };
		C9BF0445269CD39900926C35 /* SceneDelegate.m */ = {isa = PBXFileReference; lastKnownFileType = sourcecode.c.objc; path = SceneDelegate.m; sourceTree = "<group>"; };
		C9BF044B269CD39900926C35 /* Base */ = {isa = PBXFileReference; lastKnownFileType = file.storyboard; name = Base; path = Base.lproj/Main.storyboard; sourceTree = "<group>"; };
		C9BF044D269CD39A00926C35 /* Assets.xcassets */ = {isa = PBXFileReference; lastKnownFileType = folder.assetcatalog; path = Assets.xcassets; sourceTree = "<group>"; };
		C9BF0450269CD39A00926C35 /* Base */ = {isa = PBXFileReference; lastKnownFileType = file.storyboard; name = Base; path = Base.lproj/LaunchScreen.storyboard; sourceTree = "<group>"; };
		C9BF0452269CD39A00926C35 /* Info.plist */ = {isa = PBXFileReference; lastKnownFileType = text.plist.xml; path = Info.plist; sourceTree = "<group>"; };
		C9BF0453269CD39A00926C35 /* main.m */ = {isa = PBXFileReference; lastKnownFileType = sourcecode.c.objc; path = main.m; sourceTree = "<group>"; };
		C9BF0459269CD39A00926C35 /* ColLaTeXTests.xctest */ = {isa = PBXFileReference; explicitFileType = wrapper.cfbundle; includeInIndex = 0; path = ColLaTeXTests.xctest; sourceTree = BUILT_PRODUCTS_DIR; };
		C9BF045D269CD39A00926C35 /* ColLaTeXTests.m */ = {isa = PBXFileReference; lastKnownFileType = sourcecode.c.objc; path = ColLaTeXTests.m; sourceTree = "<group>"; };
		C9BF045F269CD39A00926C35 /* Info.plist */ = {isa = PBXFileReference; lastKnownFileType = text.plist.xml; path = Info.plist; sourceTree = "<group>"; };
		C9BF0464269CD39B00926C35 /* ColLaTeXUITests.xctest */ = {isa = PBXFileReference; explicitFileType = wrapper.cfbundle; includeInIndex = 0; path = ColLaTeXUITests.xctest; sourceTree = BUILT_PRODUCTS_DIR; };
		C9BF0468269CD39B00926C35 /* ColLaTeXUITests.m */ = {isa = PBXFileReference; lastKnownFileType = sourcecode.c.objc; path = ColLaTeXUITests.m; sourceTree = "<group>"; };
		C9BF046A269CD39B00926C35 /* Info.plist */ = {isa = PBXFileReference; lastKnownFileType = text.plist.xml; path = Info.plist; sourceTree = "<group>"; };
		C9BF0476269D06AF00926C35 /* Keys.plist */ = {isa = PBXFileReference; lastKnownFileType = text.plist.xml; path = Keys.plist; sourceTree = "<group>"; };
		C9BF0479269DD50600926C35 /* Document.h */ = {isa = PBXFileReference; lastKnownFileType = sourcecode.c.h; path = Document.h; sourceTree = "<group>"; };
		C9BF047A269DD50600926C35 /* Document.m */ = {isa = PBXFileReference; lastKnownFileType = sourcecode.c.objc; path = Document.m; sourceTree = "<group>"; };
		C9BF047D269DE79300926C35 /* SignUpViewController.h */ = {isa = PBXFileReference; lastKnownFileType = sourcecode.c.h; path = SignUpViewController.h; sourceTree = "<group>"; };
		C9BF047E269DE79300926C35 /* SignUpViewController.m */ = {isa = PBXFileReference; lastKnownFileType = sourcecode.c.objc; path = SignUpViewController.m; sourceTree = "<group>"; };
		C9BF0481269DECC900926C35 /* ImageHelper.h */ = {isa = PBXFileReference; lastKnownFileType = sourcecode.c.h; path = ImageHelper.h; sourceTree = "<group>"; };
		C9BF0482269DECC900926C35 /* ImageHelper.m */ = {isa = PBXFileReference; lastKnownFileType = sourcecode.c.objc; path = ImageHelper.m; sourceTree = "<group>"; };
		C9BF0484269DF5BF00926C35 /* LoginViewController.h */ = {isa = PBXFileReference; lastKnownFileType = sourcecode.c.h; path = LoginViewController.h; sourceTree = "<group>"; };
		C9BF0485269DF5BF00926C35 /* LoginViewController.m */ = {isa = PBXFileReference; lastKnownFileType = sourcecode.c.objc; path = LoginViewController.m; sourceTree = "<group>"; };
		C9BF0487269DF92700926C35 /* ProfileViewController.h */ = {isa = PBXFileReference; lastKnownFileType = sourcecode.c.h; path = ProfileViewController.h; sourceTree = "<group>"; };
		C9BF0488269DF92700926C35 /* ProfileViewController.m */ = {isa = PBXFileReference; lastKnownFileType = sourcecode.c.objc; path = ProfileViewController.m; sourceTree = "<group>"; };
		C9BF048A269E183C00926C35 /* MyDocumentsViewController.h */ = {isa = PBXFileReference; lastKnownFileType = sourcecode.c.h; path = MyDocumentsViewController.h; sourceTree = "<group>"; };
		C9BF048B269E183C00926C35 /* MyDocumentsViewController.m */ = {isa = PBXFileReference; lastKnownFileType = sourcecode.c.objc; path = MyDocumentsViewController.m; sourceTree = "<group>"; };
		C9BF048E269E186C00926C35 /* MyDocumentCell.h */ = {isa = PBXFileReference; lastKnownFileType = sourcecode.c.h; path = MyDocumentCell.h; sourceTree = "<group>"; };
		C9BF048F269E186C00926C35 /* MyDocumentCell.m */ = {isa = PBXFileReference; lastKnownFileType = sourcecode.c.objc; path = MyDocumentCell.m; sourceTree = "<group>"; };
		C9BF0491269E25D600926C35 /* CreateViewController.h */ = {isa = PBXFileReference; lastKnownFileType = sourcecode.c.h; path = CreateViewController.h; sourceTree = "<group>"; };
		C9BF0492269E25D600926C35 /* CreateViewController.m */ = {isa = PBXFileReference; lastKnownFileType = sourcecode.c.objc; path = CreateViewController.m; sourceTree = "<group>"; };
		C9BF0494269F37ED00926C35 /* SharedWithMeViewController.h */ = {isa = PBXFileReference; lastKnownFileType = sourcecode.c.h; path = SharedWithMeViewController.h; sourceTree = "<group>"; };
		C9BF0495269F37ED00926C35 /* SharedWithMeViewController.m */ = {isa = PBXFileReference; lastKnownFileType = sourcecode.c.objc; path = SharedWithMeViewController.m; sourceTree = "<group>"; };
		C9BF0497269F37FF00926C35 /* SharedCell.h */ = {isa = PBXFileReference; lastKnownFileType = sourcecode.c.h; path = SharedCell.h; sourceTree = "<group>"; };
		C9BF0498269F37FF00926C35 /* SharedCell.m */ = {isa = PBXFileReference; lastKnownFileType = sourcecode.c.objc; path = SharedCell.m; sourceTree = "<group>"; };
		C9BF049A269F646100926C35 /* ComposeViewController.h */ = {isa = PBXFileReference; lastKnownFileType = sourcecode.c.h; path = ComposeViewController.h; sourceTree = "<group>"; };
		C9BF049B269F646100926C35 /* ComposeViewController.m */ = {isa = PBXFileReference; lastKnownFileType = sourcecode.c.objc; path = ComposeViewController.m; sourceTree = "<group>"; };
		D75D10681D0201D176EDA1DD /* Pods-ColLaTeX.debug.xcconfig */ = {isa = PBXFileReference; includeInIndex = 1; lastKnownFileType = text.xcconfig; name = "Pods-ColLaTeX.debug.xcconfig"; path = "Target Support Files/Pods-ColLaTeX/Pods-ColLaTeX.debug.xcconfig"; sourceTree = "<group>"; };
		EA9061436588BFDA5CD5CC32 /* Pods-ColLaTeXTests.release.xcconfig */ = {isa = PBXFileReference; includeInIndex = 1; lastKnownFileType = text.xcconfig; name = "Pods-ColLaTeXTests.release.xcconfig"; path = "Target Support Files/Pods-ColLaTeXTests/Pods-ColLaTeXTests.release.xcconfig"; sourceTree = "<group>"; };
		F46252EAA71D4F628050A2A2 /* Pods-ColLaTeX.release.xcconfig */ = {isa = PBXFileReference; includeInIndex = 1; lastKnownFileType = text.xcconfig; name = "Pods-ColLaTeX.release.xcconfig"; path = "Target Support Files/Pods-ColLaTeX/Pods-ColLaTeX.release.xcconfig"; sourceTree = "<group>"; };
		FB4ACC7F3C8EE63D2818CA27 /* Pods_ColLaTeX_ColLaTeXUITests.framework */ = {isa = PBXFileReference; explicitFileType = wrapper.framework; includeInIndex = 0; path = Pods_ColLaTeX_ColLaTeXUITests.framework; sourceTree = BUILT_PRODUCTS_DIR; };
/* End PBXFileReference section */

/* Begin PBXFrameworksBuildPhase section */
		C9BF043B269CD39900926C35 /* Frameworks */ = {
			isa = PBXFrameworksBuildPhase;
			buildActionMask = 2147483647;
			files = (
				D8117B3DE02B5501A12DCA0C /* Pods_ColLaTeX.framework in Frameworks */,
			);
			runOnlyForDeploymentPostprocessing = 0;
		};
		C9BF0456269CD39A00926C35 /* Frameworks */ = {
			isa = PBXFrameworksBuildPhase;
			buildActionMask = 2147483647;
			files = (
				06819F46EA19BBCD0C2090A2 /* Pods_ColLaTeXTests.framework in Frameworks */,
			);
			runOnlyForDeploymentPostprocessing = 0;
		};
		C9BF0461269CD39B00926C35 /* Frameworks */ = {
			isa = PBXFrameworksBuildPhase;
			buildActionMask = 2147483647;
			files = (
				65CE784CE8445562AD38AFA3 /* Pods_ColLaTeX_ColLaTeXUITests.framework in Frameworks */,
			);
			runOnlyForDeploymentPostprocessing = 0;
		};
/* End PBXFrameworksBuildPhase section */

/* Begin PBXGroup section */
		019921FD5A04295E6EFA9ED3 /* Frameworks */ = {
			isa = PBXGroup;
			children = (
				5C6F402D73A8A848B63DFAE4 /* Pods_ColLaTeX.framework */,
				FB4ACC7F3C8EE63D2818CA27 /* Pods_ColLaTeX_ColLaTeXUITests.framework */,
				56B21645CDC2BB75436127C5 /* Pods_ColLaTeXTests.framework */,
			);
			name = Frameworks;
			sourceTree = "<group>";
		};
		C9BF0435269CD39900926C35 = {
			isa = PBXGroup;
			children = (
				C9BF0440269CD39900926C35 /* ColLaTeX */,
				C9BF045C269CD39A00926C35 /* ColLaTeXTests */,
				C9BF0467269CD39B00926C35 /* ColLaTeXUITests */,
				C9BF043F269CD39900926C35 /* Products */,
				F47896D257B3388E7A63F79D /* Pods */,
				019921FD5A04295E6EFA9ED3 /* Frameworks */,
			);
			sourceTree = "<group>";
		};
		C9BF043F269CD39900926C35 /* Products */ = {
			isa = PBXGroup;
			children = (
				C9BF043E269CD39900926C35 /* ColLaTeX.app */,
				C9BF0459269CD39A00926C35 /* ColLaTeXTests.xctest */,
				C9BF0464269CD39B00926C35 /* ColLaTeXUITests.xctest */,
			);
			name = Products;
			sourceTree = "<group>";
		};
		C9BF0440269CD39900926C35 /* ColLaTeX */ = {
			isa = PBXGroup;
			children = (
				C9BF048D269E184200926C35 /* Views */,
				C9BF0480269DECB400926C35 /* Helpers */,
				C9BF047C269DE77F00926C35 /* View Controllers */,
				C9BF0478269DD4F000926C35 /* Models */,
				C9BF0441269CD39900926C35 /* AppDelegate.h */,
				C9BF0442269CD39900926C35 /* AppDelegate.m */,
				C9BF0444269CD39900926C35 /* SceneDelegate.h */,
				C9BF0445269CD39900926C35 /* SceneDelegate.m */,
				C9BF044A269CD39900926C35 /* Main.storyboard */,
				C9BF044D269CD39A00926C35 /* Assets.xcassets */,
				C9BF044F269CD39A00926C35 /* LaunchScreen.storyboard */,
				C9BF0452269CD39A00926C35 /* Info.plist */,
				C9BF0453269CD39A00926C35 /* main.m */,
				C9BF0476269D06AF00926C35 /* Keys.plist */,
			);
			path = ColLaTeX;
			sourceTree = "<group>";
		};
		C9BF045C269CD39A00926C35 /* ColLaTeXTests */ = {
			isa = PBXGroup;
			children = (
				C9BF045D269CD39A00926C35 /* ColLaTeXTests.m */,
				C9BF045F269CD39A00926C35 /* Info.plist */,
			);
			path = ColLaTeXTests;
			sourceTree = "<group>";
		};
		C9BF0467269CD39B00926C35 /* ColLaTeXUITests */ = {
			isa = PBXGroup;
			children = (
				C9BF0468269CD39B00926C35 /* ColLaTeXUITests.m */,
				C9BF046A269CD39B00926C35 /* Info.plist */,
			);
			path = ColLaTeXUITests;
			sourceTree = "<group>";
		};
		C9BF0478269DD4F000926C35 /* Models */ = {
			isa = PBXGroup;
			children = (
				C9BF0479269DD50600926C35 /* Document.h */,
				C9BF047A269DD50600926C35 /* Document.m */,
			);
			path = Models;
			sourceTree = "<group>";
		};
		C9BF047C269DE77F00926C35 /* View Controllers */ = {
			isa = PBXGroup;
			children = (
				C9BF047D269DE79300926C35 /* SignUpViewController.h */,
				C9BF047E269DE79300926C35 /* SignUpViewController.m */,
				C9BF0484269DF5BF00926C35 /* LoginViewController.h */,
				C9BF0485269DF5BF00926C35 /* LoginViewController.m */,
				C9BF0487269DF92700926C35 /* ProfileViewController.h */,
				C9BF0488269DF92700926C35 /* ProfileViewController.m */,
				C9BF048A269E183C00926C35 /* MyDocumentsViewController.h */,
				C9BF048B269E183C00926C35 /* MyDocumentsViewController.m */,
				C9BF0491269E25D600926C35 /* CreateViewController.h */,
				C9BF0492269E25D600926C35 /* CreateViewController.m */,
				C9BF0494269F37ED00926C35 /* SharedWithMeViewController.h */,
				C9BF0495269F37ED00926C35 /* SharedWithMeViewController.m */,
				C9BF049A269F646100926C35 /* ComposeViewController.h */,
				C9BF049B269F646100926C35 /* ComposeViewController.m */,
			);
			path = "View Controllers";
			sourceTree = "<group>";
		};
		C9BF0480269DECB400926C35 /* Helpers */ = {
			isa = PBXGroup;
			children = (
				C9BF0481269DECC900926C35 /* ImageHelper.h */,
				C9BF0482269DECC900926C35 /* ImageHelper.m */,
			);
			path = Helpers;
			sourceTree = "<group>";
		};
		C9BF048D269E184200926C35 /* Views */ = {
			isa = PBXGroup;
			children = (
				C9BF048E269E186C00926C35 /* MyDocumentCell.h */,
				C9BF048F269E186C00926C35 /* MyDocumentCell.m */,
				C9BF0497269F37FF00926C35 /* SharedCell.h */,
				C9BF0498269F37FF00926C35 /* SharedCell.m */,
			);
			path = Views;
			sourceTree = "<group>";
		};
		F47896D257B3388E7A63F79D /* Pods */ = {
			isa = PBXGroup;
			children = (
				D75D10681D0201D176EDA1DD /* Pods-ColLaTeX.debug.xcconfig */,
				F46252EAA71D4F628050A2A2 /* Pods-ColLaTeX.release.xcconfig */,
				C29CF37FA8ACAA98925BE6B3 /* Pods-ColLaTeX-ColLaTeXUITests.debug.xcconfig */,
				9749783729D4CBAA8A083BB3 /* Pods-ColLaTeX-ColLaTeXUITests.release.xcconfig */,
				C796579AEA91A9775850DB7D /* Pods-ColLaTeXTests.debug.xcconfig */,
				EA9061436588BFDA5CD5CC32 /* Pods-ColLaTeXTests.release.xcconfig */,
			);
			path = Pods;
			sourceTree = "<group>";
		};
/* End PBXGroup section */

/* Begin PBXNativeTarget section */
		C9BF043D269CD39900926C35 /* ColLaTeX */ = {
			isa = PBXNativeTarget;
			buildConfigurationList = C9BF046D269CD39B00926C35 /* Build configuration list for PBXNativeTarget "ColLaTeX" */;
			buildPhases = (
				8AB9DC339FF852C8DF43C0FF /* [CP] Check Pods Manifest.lock */,
				C9BF043A269CD39900926C35 /* Sources */,
				C9BF043B269CD39900926C35 /* Frameworks */,
				C9BF043C269CD39900926C35 /* Resources */,
				03DBEAF54200283FBE7B5B24 /* [CP] Embed Pods Frameworks */,
			);
			buildRules = (
			);
			dependencies = (
			);
			name = ColLaTeX;
			productName = ColLaTeX;
			productReference = C9BF043E269CD39900926C35 /* ColLaTeX.app */;
			productType = "com.apple.product-type.application";
		};
		C9BF0458269CD39A00926C35 /* ColLaTeXTests */ = {
			isa = PBXNativeTarget;
			buildConfigurationList = C9BF0470269CD39B00926C35 /* Build configuration list for PBXNativeTarget "ColLaTeXTests" */;
			buildPhases = (
				9C851E81A1721225D063DC9D /* [CP] Check Pods Manifest.lock */,
				C9BF0455269CD39A00926C35 /* Sources */,
				C9BF0456269CD39A00926C35 /* Frameworks */,
				C9BF0457269CD39A00926C35 /* Resources */,
			);
			buildRules = (
			);
			dependencies = (
				C9BF045B269CD39A00926C35 /* PBXTargetDependency */,
			);
			name = ColLaTeXTests;
			productName = ColLaTeXTests;
			productReference = C9BF0459269CD39A00926C35 /* ColLaTeXTests.xctest */;
			productType = "com.apple.product-type.bundle.unit-test";
		};
		C9BF0463269CD39B00926C35 /* ColLaTeXUITests */ = {
			isa = PBXNativeTarget;
			buildConfigurationList = C9BF0473269CD39B00926C35 /* Build configuration list for PBXNativeTarget "ColLaTeXUITests" */;
			buildPhases = (
				82B57B0FAB6AEFEE29063284 /* [CP] Check Pods Manifest.lock */,
				C9BF0460269CD39B00926C35 /* Sources */,
				C9BF0461269CD39B00926C35 /* Frameworks */,
				C9BF0462269CD39B00926C35 /* Resources */,
				B30221C3307117AD62C63C2E /* [CP] Embed Pods Frameworks */,
			);
			buildRules = (
			);
			dependencies = (
				C9BF0466269CD39B00926C35 /* PBXTargetDependency */,
			);
			name = ColLaTeXUITests;
			productName = ColLaTeXUITests;
			productReference = C9BF0464269CD39B00926C35 /* ColLaTeXUITests.xctest */;
			productType = "com.apple.product-type.bundle.ui-testing";
		};
/* End PBXNativeTarget section */

/* Begin PBXProject section */
		C9BF0436269CD39900926C35 /* Project object */ = {
			isa = PBXProject;
			attributes = {
				LastUpgradeCheck = 1250;
				TargetAttributes = {
					C9BF043D269CD39900926C35 = {
						CreatedOnToolsVersion = 12.5.1;
					};
					C9BF0458269CD39A00926C35 = {
						CreatedOnToolsVersion = 12.5.1;
						TestTargetID = C9BF043D269CD39900926C35;
					};
					C9BF0463269CD39B00926C35 = {
						CreatedOnToolsVersion = 12.5.1;
						TestTargetID = C9BF043D269CD39900926C35;
					};
				};
			};
			buildConfigurationList = C9BF0439269CD39900926C35 /* Build configuration list for PBXProject "ColLaTeX" */;
			compatibilityVersion = "Xcode 9.3";
			developmentRegion = en;
			hasScannedForEncodings = 0;
			knownRegions = (
				en,
				Base,
			);
			mainGroup = C9BF0435269CD39900926C35;
			productRefGroup = C9BF043F269CD39900926C35 /* Products */;
			projectDirPath = "";
			projectRoot = "";
			targets = (
				C9BF043D269CD39900926C35 /* ColLaTeX */,
				C9BF0458269CD39A00926C35 /* ColLaTeXTests */,
				C9BF0463269CD39B00926C35 /* ColLaTeXUITests */,
			);
		};
/* End PBXProject section */

/* Begin PBXResourcesBuildPhase section */
		C9BF043C269CD39900926C35 /* Resources */ = {
			isa = PBXResourcesBuildPhase;
			buildActionMask = 2147483647;
			files = (
				C9BF0477269D06AF00926C35 /* Keys.plist in Resources */,
				C9BF0451269CD39A00926C35 /* LaunchScreen.storyboard in Resources */,
				C9BF044E269CD39A00926C35 /* Assets.xcassets in Resources */,
				C9BF044C269CD39900926C35 /* Main.storyboard in Resources */,
			);
			runOnlyForDeploymentPostprocessing = 0;
		};
		C9BF0457269CD39A00926C35 /* Resources */ = {
			isa = PBXResourcesBuildPhase;
			buildActionMask = 2147483647;
			files = (
			);
			runOnlyForDeploymentPostprocessing = 0;
		};
		C9BF0462269CD39B00926C35 /* Resources */ = {
			isa = PBXResourcesBuildPhase;
			buildActionMask = 2147483647;
			files = (
			);
			runOnlyForDeploymentPostprocessing = 0;
		};
/* End PBXResourcesBuildPhase section */

/* Begin PBXShellScriptBuildPhase section */
		03DBEAF54200283FBE7B5B24 /* [CP] Embed Pods Frameworks */ = {
			isa = PBXShellScriptBuildPhase;
			buildActionMask = 2147483647;
			files = (
			);
			inputFileListPaths = (
				"${PODS_ROOT}/Target Support Files/Pods-ColLaTeX/Pods-ColLaTeX-frameworks-${CONFIGURATION}-input-files.xcfilelist",
			);
			name = "[CP] Embed Pods Frameworks";
			outputFileListPaths = (
				"${PODS_ROOT}/Target Support Files/Pods-ColLaTeX/Pods-ColLaTeX-frameworks-${CONFIGURATION}-output-files.xcfilelist",
			);
			runOnlyForDeploymentPostprocessing = 0;
			shellPath = /bin/sh;
			shellScript = "\"${PODS_ROOT}/Target Support Files/Pods-ColLaTeX/Pods-ColLaTeX-frameworks.sh\"\n";
			showEnvVarsInLog = 0;
		};
		82B57B0FAB6AEFEE29063284 /* [CP] Check Pods Manifest.lock */ = {
			isa = PBXShellScriptBuildPhase;
			buildActionMask = 2147483647;
			files = (
			);
			inputFileListPaths = (
			);
			inputPaths = (
				"${PODS_PODFILE_DIR_PATH}/Podfile.lock",
				"${PODS_ROOT}/Manifest.lock",
			);
			name = "[CP] Check Pods Manifest.lock";
			outputFileListPaths = (
			);
			outputPaths = (
				"$(DERIVED_FILE_DIR)/Pods-ColLaTeX-ColLaTeXUITests-checkManifestLockResult.txt",
			);
			runOnlyForDeploymentPostprocessing = 0;
			shellPath = /bin/sh;
			shellScript = "diff \"${PODS_PODFILE_DIR_PATH}/Podfile.lock\" \"${PODS_ROOT}/Manifest.lock\" > /dev/null\nif [ $? != 0 ] ; then\n    # print error to STDERR\n    echo \"error: The sandbox is not in sync with the Podfile.lock. Run 'pod install' or update your CocoaPods installation.\" >&2\n    exit 1\nfi\n# This output is used by Xcode 'outputs' to avoid re-running this script phase.\necho \"SUCCESS\" > \"${SCRIPT_OUTPUT_FILE_0}\"\n";
			showEnvVarsInLog = 0;
		};
		8AB9DC339FF852C8DF43C0FF /* [CP] Check Pods Manifest.lock */ = {
			isa = PBXShellScriptBuildPhase;
			buildActionMask = 2147483647;
			files = (
			);
			inputFileListPaths = (
			);
			inputPaths = (
				"${PODS_PODFILE_DIR_PATH}/Podfile.lock",
				"${PODS_ROOT}/Manifest.lock",
			);
			name = "[CP] Check Pods Manifest.lock";
			outputFileListPaths = (
			);
			outputPaths = (
				"$(DERIVED_FILE_DIR)/Pods-ColLaTeX-checkManifestLockResult.txt",
			);
			runOnlyForDeploymentPostprocessing = 0;
			shellPath = /bin/sh;
			shellScript = "diff \"${PODS_PODFILE_DIR_PATH}/Podfile.lock\" \"${PODS_ROOT}/Manifest.lock\" > /dev/null\nif [ $? != 0 ] ; then\n    # print error to STDERR\n    echo \"error: The sandbox is not in sync with the Podfile.lock. Run 'pod install' or update your CocoaPods installation.\" >&2\n    exit 1\nfi\n# This output is used by Xcode 'outputs' to avoid re-running this script phase.\necho \"SUCCESS\" > \"${SCRIPT_OUTPUT_FILE_0}\"\n";
			showEnvVarsInLog = 0;
		};
		9C851E81A1721225D063DC9D /* [CP] Check Pods Manifest.lock */ = {
			isa = PBXShellScriptBuildPhase;
			buildActionMask = 2147483647;
			files = (
			);
			inputFileListPaths = (
			);
			inputPaths = (
				"${PODS_PODFILE_DIR_PATH}/Podfile.lock",
				"${PODS_ROOT}/Manifest.lock",
			);
			name = "[CP] Check Pods Manifest.lock";
			outputFileListPaths = (
			);
			outputPaths = (
				"$(DERIVED_FILE_DIR)/Pods-ColLaTeXTests-checkManifestLockResult.txt",
			);
			runOnlyForDeploymentPostprocessing = 0;
			shellPath = /bin/sh;
			shellScript = "diff \"${PODS_PODFILE_DIR_PATH}/Podfile.lock\" \"${PODS_ROOT}/Manifest.lock\" > /dev/null\nif [ $? != 0 ] ; then\n    # print error to STDERR\n    echo \"error: The sandbox is not in sync with the Podfile.lock. Run 'pod install' or update your CocoaPods installation.\" >&2\n    exit 1\nfi\n# This output is used by Xcode 'outputs' to avoid re-running this script phase.\necho \"SUCCESS\" > \"${SCRIPT_OUTPUT_FILE_0}\"\n";
			showEnvVarsInLog = 0;
		};
		B30221C3307117AD62C63C2E /* [CP] Embed Pods Frameworks */ = {
			isa = PBXShellScriptBuildPhase;
			buildActionMask = 2147483647;
			files = (
			);
			inputFileListPaths = (
				"${PODS_ROOT}/Target Support Files/Pods-ColLaTeX-ColLaTeXUITests/Pods-ColLaTeX-ColLaTeXUITests-frameworks-${CONFIGURATION}-input-files.xcfilelist",
			);
			name = "[CP] Embed Pods Frameworks";
			outputFileListPaths = (
				"${PODS_ROOT}/Target Support Files/Pods-ColLaTeX-ColLaTeXUITests/Pods-ColLaTeX-ColLaTeXUITests-frameworks-${CONFIGURATION}-output-files.xcfilelist",
			);
			runOnlyForDeploymentPostprocessing = 0;
			shellPath = /bin/sh;
			shellScript = "\"${PODS_ROOT}/Target Support Files/Pods-ColLaTeX-ColLaTeXUITests/Pods-ColLaTeX-ColLaTeXUITests-frameworks.sh\"\n";
			showEnvVarsInLog = 0;
		};
/* End PBXShellScriptBuildPhase section */

/* Begin PBXSourcesBuildPhase section */
		C9BF043A269CD39900926C35 /* Sources */ = {
			isa = PBXSourcesBuildPhase;
			buildActionMask = 2147483647;
			files = (
				C9BF047B269DD50600926C35 /* Document.m in Sources */,
				C9BF048C269E183C00926C35 /* MyDocumentsViewController.m in Sources */,
				C9BF047F269DE79300926C35 /* SignUpViewController.m in Sources */,
				C9BF0489269DF92700926C35 /* ProfileViewController.m in Sources */,
				C9BF0490269E186C00926C35 /* MyDocumentCell.m in Sources */,
				C9BF0443269CD39900926C35 /* AppDelegate.m in Sources */,
				C9BF0493269E25D600926C35 /* CreateViewController.m in Sources */,
				C9BF0496269F37ED00926C35 /* SharedWithMeViewController.m in Sources */,
				C9BF0483269DECC900926C35 /* ImageHelper.m in Sources */,
				C9BF0499269F37FF00926C35 /* SharedCell.m in Sources */,
				C9BF0486269DF5BF00926C35 /* LoginViewController.m in Sources */,
				C9BF049C269F646100926C35 /* ComposeViewController.m in Sources */,
				C9BF0454269CD39A00926C35 /* main.m in Sources */,
				C9BF0446269CD39900926C35 /* SceneDelegate.m in Sources */,
			);
			runOnlyForDeploymentPostprocessing = 0;
		};
		C9BF0455269CD39A00926C35 /* Sources */ = {
			isa = PBXSourcesBuildPhase;
			buildActionMask = 2147483647;
			files = (
				C9BF045E269CD39A00926C35 /* ColLaTeXTests.m in Sources */,
			);
			runOnlyForDeploymentPostprocessing = 0;
		};
		C9BF0460269CD39B00926C35 /* Sources */ = {
			isa = PBXSourcesBuildPhase;
			buildActionMask = 2147483647;
			files = (
				C9BF0469269CD39B00926C35 /* ColLaTeXUITests.m in Sources */,
			);
			runOnlyForDeploymentPostprocessing = 0;
		};
/* End PBXSourcesBuildPhase section */

/* Begin PBXTargetDependency section */
		C9BF045B269CD39A00926C35 /* PBXTargetDependency */ = {
			isa = PBXTargetDependency;
			target = C9BF043D269CD39900926C35 /* ColLaTeX */;
			targetProxy = C9BF045A269CD39A00926C35 /* PBXContainerItemProxy */;
		};
		C9BF0466269CD39B00926C35 /* PBXTargetDependency */ = {
			isa = PBXTargetDependency;
			target = C9BF043D269CD39900926C35 /* ColLaTeX */;
			targetProxy = C9BF0465269CD39B00926C35 /* PBXContainerItemProxy */;
		};
/* End PBXTargetDependency section */

/* Begin PBXVariantGroup section */
		C9BF044A269CD39900926C35 /* Main.storyboard */ = {
			isa = PBXVariantGroup;
			children = (
				C9BF044B269CD39900926C35 /* Base */,
			);
			name = Main.storyboard;
			sourceTree = "<group>";
		};
		C9BF044F269CD39A00926C35 /* LaunchScreen.storyboard */ = {
			isa = PBXVariantGroup;
			children = (
				C9BF0450269CD39A00926C35 /* Base */,
			);
			name = LaunchScreen.storyboard;
			sourceTree = "<group>";
		};
/* End PBXVariantGroup section */

/* Begin XCBuildConfiguration section */
		C9BF046B269CD39B00926C35 /* Debug */ = {
			isa = XCBuildConfiguration;
			buildSettings = {
				ALWAYS_SEARCH_USER_PATHS = NO;
				CLANG_ANALYZER_NONNULL = YES;
				CLANG_ANALYZER_NUMBER_OBJECT_CONVERSION = YES_AGGRESSIVE;
				CLANG_CXX_LANGUAGE_STANDARD = "gnu++14";
				CLANG_CXX_LIBRARY = "libc++";
				CLANG_ENABLE_MODULES = YES;
				CLANG_ENABLE_OBJC_ARC = YES;
				CLANG_ENABLE_OBJC_WEAK = YES;
				CLANG_WARN_BLOCK_CAPTURE_AUTORELEASING = YES;
				CLANG_WARN_BOOL_CONVERSION = YES;
				CLANG_WARN_COMMA = YES;
				CLANG_WARN_CONSTANT_CONVERSION = YES;
				CLANG_WARN_DEPRECATED_OBJC_IMPLEMENTATIONS = YES;
				CLANG_WARN_DIRECT_OBJC_ISA_USAGE = YES_ERROR;
				CLANG_WARN_DOCUMENTATION_COMMENTS = YES;
				CLANG_WARN_EMPTY_BODY = YES;
				CLANG_WARN_ENUM_CONVERSION = YES;
				CLANG_WARN_INFINITE_RECURSION = YES;
				CLANG_WARN_INT_CONVERSION = YES;
				CLANG_WARN_NON_LITERAL_NULL_CONVERSION = YES;
				CLANG_WARN_OBJC_IMPLICIT_RETAIN_SELF = YES;
				CLANG_WARN_OBJC_LITERAL_CONVERSION = YES;
				CLANG_WARN_OBJC_ROOT_CLASS = YES_ERROR;
				CLANG_WARN_QUOTED_INCLUDE_IN_FRAMEWORK_HEADER = YES;
				CLANG_WARN_RANGE_LOOP_ANALYSIS = YES;
				CLANG_WARN_STRICT_PROTOTYPES = YES;
				CLANG_WARN_SUSPICIOUS_MOVE = YES;
				CLANG_WARN_UNGUARDED_AVAILABILITY = YES_AGGRESSIVE;
				CLANG_WARN_UNREACHABLE_CODE = YES;
				CLANG_WARN__DUPLICATE_METHOD_MATCH = YES;
				COPY_PHASE_STRIP = NO;
				DEBUG_INFORMATION_FORMAT = dwarf;
				ENABLE_STRICT_OBJC_MSGSEND = YES;
				ENABLE_TESTABILITY = YES;
				GCC_C_LANGUAGE_STANDARD = gnu11;
				GCC_DYNAMIC_NO_PIC = NO;
				GCC_NO_COMMON_BLOCKS = YES;
				GCC_OPTIMIZATION_LEVEL = 0;
				GCC_PREPROCESSOR_DEFINITIONS = (
					"DEBUG=1",
					"$(inherited)",
				);
				GCC_WARN_64_TO_32_BIT_CONVERSION = YES;
				GCC_WARN_ABOUT_RETURN_TYPE = YES_ERROR;
				GCC_WARN_UNDECLARED_SELECTOR = YES;
				GCC_WARN_UNINITIALIZED_AUTOS = YES_AGGRESSIVE;
				GCC_WARN_UNUSED_FUNCTION = YES;
				GCC_WARN_UNUSED_VARIABLE = YES;
				IPHONEOS_DEPLOYMENT_TARGET = 14.5;
				MTL_ENABLE_DEBUG_INFO = INCLUDE_SOURCE;
				MTL_FAST_MATH = YES;
				ONLY_ACTIVE_ARCH = YES;
				SDKROOT = iphoneos;
			};
			name = Debug;
		};
		C9BF046C269CD39B00926C35 /* Release */ = {
			isa = XCBuildConfiguration;
			buildSettings = {
				ALWAYS_SEARCH_USER_PATHS = NO;
				CLANG_ANALYZER_NONNULL = YES;
				CLANG_ANALYZER_NUMBER_OBJECT_CONVERSION = YES_AGGRESSIVE;
				CLANG_CXX_LANGUAGE_STANDARD = "gnu++14";
				CLANG_CXX_LIBRARY = "libc++";
				CLANG_ENABLE_MODULES = YES;
				CLANG_ENABLE_OBJC_ARC = YES;
				CLANG_ENABLE_OBJC_WEAK = YES;
				CLANG_WARN_BLOCK_CAPTURE_AUTORELEASING = YES;
				CLANG_WARN_BOOL_CONVERSION = YES;
				CLANG_WARN_COMMA = YES;
				CLANG_WARN_CONSTANT_CONVERSION = YES;
				CLANG_WARN_DEPRECATED_OBJC_IMPLEMENTATIONS = YES;
				CLANG_WARN_DIRECT_OBJC_ISA_USAGE = YES_ERROR;
				CLANG_WARN_DOCUMENTATION_COMMENTS = YES;
				CLANG_WARN_EMPTY_BODY = YES;
				CLANG_WARN_ENUM_CONVERSION = YES;
				CLANG_WARN_INFINITE_RECURSION = YES;
				CLANG_WARN_INT_CONVERSION = YES;
				CLANG_WARN_NON_LITERAL_NULL_CONVERSION = YES;
				CLANG_WARN_OBJC_IMPLICIT_RETAIN_SELF = YES;
				CLANG_WARN_OBJC_LITERAL_CONVERSION = YES;
				CLANG_WARN_OBJC_ROOT_CLASS = YES_ERROR;
				CLANG_WARN_QUOTED_INCLUDE_IN_FRAMEWORK_HEADER = YES;
				CLANG_WARN_RANGE_LOOP_ANALYSIS = YES;
				CLANG_WARN_STRICT_PROTOTYPES = YES;
				CLANG_WARN_SUSPICIOUS_MOVE = YES;
				CLANG_WARN_UNGUARDED_AVAILABILITY = YES_AGGRESSIVE;
				CLANG_WARN_UNREACHABLE_CODE = YES;
				CLANG_WARN__DUPLICATE_METHOD_MATCH = YES;
				COPY_PHASE_STRIP = NO;
				DEBUG_INFORMATION_FORMAT = "dwarf-with-dsym";
				ENABLE_NS_ASSERTIONS = NO;
				ENABLE_STRICT_OBJC_MSGSEND = YES;
				GCC_C_LANGUAGE_STANDARD = gnu11;
				GCC_NO_COMMON_BLOCKS = YES;
				GCC_WARN_64_TO_32_BIT_CONVERSION = YES;
				GCC_WARN_ABOUT_RETURN_TYPE = YES_ERROR;
				GCC_WARN_UNDECLARED_SELECTOR = YES;
				GCC_WARN_UNINITIALIZED_AUTOS = YES_AGGRESSIVE;
				GCC_WARN_UNUSED_FUNCTION = YES;
				GCC_WARN_UNUSED_VARIABLE = YES;
				IPHONEOS_DEPLOYMENT_TARGET = 14.5;
				MTL_ENABLE_DEBUG_INFO = NO;
				MTL_FAST_MATH = YES;
				SDKROOT = iphoneos;
				VALIDATE_PRODUCT = YES;
			};
			name = Release;
		};
		C9BF046E269CD39B00926C35 /* Debug */ = {
			isa = XCBuildConfiguration;
			baseConfigurationReference = D75D10681D0201D176EDA1DD /* Pods-ColLaTeX.debug.xcconfig */;
			buildSettings = {
				ASSETCATALOG_COMPILER_APPICON_NAME = AppIcon;
				ASSETCATALOG_COMPILER_GLOBAL_ACCENT_COLOR_NAME = AccentColor;
				CODE_SIGN_STYLE = Automatic;
				DEVELOPMENT_TEAM = 7TYQL4XJ34;
				INFOPLIST_FILE = ColLaTeX/Info.plist;
				LD_RUNPATH_SEARCH_PATHS = (
					"$(inherited)",
					"@executable_path/Frameworks",
				);
				PRODUCT_BUNDLE_IDENTIFIER = com.ColLaTeX;
				PRODUCT_NAME = "$(TARGET_NAME)";
				TARGETED_DEVICE_FAMILY = "1,2";
			};
			name = Debug;
		};
		C9BF046F269CD39B00926C35 /* Release */ = {
			isa = XCBuildConfiguration;
			baseConfigurationReference = F46252EAA71D4F628050A2A2 /* Pods-ColLaTeX.release.xcconfig */;
			buildSettings = {
				ASSETCATALOG_COMPILER_APPICON_NAME = AppIcon;
				ASSETCATALOG_COMPILER_GLOBAL_ACCENT_COLOR_NAME = AccentColor;
				CODE_SIGN_STYLE = Automatic;
				DEVELOPMENT_TEAM = 7TYQL4XJ34;
				INFOPLIST_FILE = ColLaTeX/Info.plist;
				LD_RUNPATH_SEARCH_PATHS = (
					"$(inherited)",
					"@executable_path/Frameworks",
				);
				PRODUCT_BUNDLE_IDENTIFIER = com.ColLaTeX;
				PRODUCT_NAME = "$(TARGET_NAME)";
				TARGETED_DEVICE_FAMILY = "1,2";
			};
			name = Release;
		};
		C9BF0471269CD39B00926C35 /* Debug */ = {
			isa = XCBuildConfiguration;
			baseConfigurationReference = C796579AEA91A9775850DB7D /* Pods-ColLaTeXTests.debug.xcconfig */;
			buildSettings = {
				BUNDLE_LOADER = "$(TEST_HOST)";
				CODE_SIGN_STYLE = Automatic;
				DEVELOPMENT_TEAM = 7TYQL4XJ34;
				INFOPLIST_FILE = ColLaTeXTests/Info.plist;
				IPHONEOS_DEPLOYMENT_TARGET = 14.5;
				LD_RUNPATH_SEARCH_PATHS = (
					"$(inherited)",
					"@executable_path/Frameworks",
					"@loader_path/Frameworks",
				);
				PRODUCT_BUNDLE_IDENTIFIER = com.ColLaTeXTests;
				PRODUCT_NAME = "$(TARGET_NAME)";
				TARGETED_DEVICE_FAMILY = "1,2";
				TEST_HOST = "$(BUILT_PRODUCTS_DIR)/ColLaTeX.app/ColLaTeX";
			};
			name = Debug;
		};
		C9BF0472269CD39B00926C35 /* Release */ = {
			isa = XCBuildConfiguration;
			baseConfigurationReference = EA9061436588BFDA5CD5CC32 /* Pods-ColLaTeXTests.release.xcconfig */;
			buildSettings = {
				BUNDLE_LOADER = "$(TEST_HOST)";
				CODE_SIGN_STYLE = Automatic;
				DEVELOPMENT_TEAM = 7TYQL4XJ34;
				INFOPLIST_FILE = ColLaTeXTests/Info.plist;
				IPHONEOS_DEPLOYMENT_TARGET = 14.5;
				LD_RUNPATH_SEARCH_PATHS = (
					"$(inherited)",
					"@executable_path/Frameworks",
					"@loader_path/Frameworks",
				);
				PRODUCT_BUNDLE_IDENTIFIER = com.ColLaTeXTests;
				PRODUCT_NAME = "$(TARGET_NAME)";
				TARGETED_DEVICE_FAMILY = "1,2";
				TEST_HOST = "$(BUILT_PRODUCTS_DIR)/ColLaTeX.app/ColLaTeX";
			};
			name = Release;
		};
		C9BF0474269CD39B00926C35 /* Debug */ = {
			isa = XCBuildConfiguration;
			baseConfigurationReference = C29CF37FA8ACAA98925BE6B3 /* Pods-ColLaTeX-ColLaTeXUITests.debug.xcconfig */;
			buildSettings = {
				CODE_SIGN_STYLE = Automatic;
				DEVELOPMENT_TEAM = 7TYQL4XJ34;
				INFOPLIST_FILE = ColLaTeXUITests/Info.plist;
				LD_RUNPATH_SEARCH_PATHS = (
					"$(inherited)",
					"@executable_path/Frameworks",
					"@loader_path/Frameworks",
				);
				PRODUCT_BUNDLE_IDENTIFIER = com.ColLaTeXUITests;
				PRODUCT_NAME = "$(TARGET_NAME)";
				TARGETED_DEVICE_FAMILY = "1,2";
				TEST_TARGET_NAME = ColLaTeX;
			};
			name = Debug;
		};
		C9BF0475269CD39B00926C35 /* Release */ = {
			isa = XCBuildConfiguration;
			baseConfigurationReference = 9749783729D4CBAA8A083BB3 /* Pods-ColLaTeX-ColLaTeXUITests.release.xcconfig */;
			buildSettings = {
				CODE_SIGN_STYLE = Automatic;
				DEVELOPMENT_TEAM = 7TYQL4XJ34;
				INFOPLIST_FILE = ColLaTeXUITests/Info.plist;
				LD_RUNPATH_SEARCH_PATHS = (
					"$(inherited)",
					"@executable_path/Frameworks",
					"@loader_path/Frameworks",
				);
				PRODUCT_BUNDLE_IDENTIFIER = com.ColLaTeXUITests;
				PRODUCT_NAME = "$(TARGET_NAME)";
				TARGETED_DEVICE_FAMILY = "1,2";
				TEST_TARGET_NAME = ColLaTeX;
			};
			name = Release;
		};
/* End XCBuildConfiguration section */

/* Begin XCConfigurationList section */
		C9BF0439269CD39900926C35 /* Build configuration list for PBXProject "ColLaTeX" */ = {
			isa = XCConfigurationList;
			buildConfigurations = (
				C9BF046B269CD39B00926C35 /* Debug */,
				C9BF046C269CD39B00926C35 /* Release */,
			);
			defaultConfigurationIsVisible = 0;
			defaultConfigurationName = Release;
		};
		C9BF046D269CD39B00926C35 /* Build configuration list for PBXNativeTarget "ColLaTeX" */ = {
			isa = XCConfigurationList;
			buildConfigurations = (
				C9BF046E269CD39B00926C35 /* Debug */,
				C9BF046F269CD39B00926C35 /* Release */,
			);
			defaultConfigurationIsVisible = 0;
			defaultConfigurationName = Release;
		};
		C9BF0470269CD39B00926C35 /* Build configuration list for PBXNativeTarget "ColLaTeXTests" */ = {
			isa = XCConfigurationList;
			buildConfigurations = (
				C9BF0471269CD39B00926C35 /* Debug */,
				C9BF0472269CD39B00926C35 /* Release */,
			);
			defaultConfigurationIsVisible = 0;
			defaultConfigurationName = Release;
		};
		C9BF0473269CD39B00926C35 /* Build configuration list for PBXNativeTarget "ColLaTeXUITests" */ = {
			isa = XCConfigurationList;
			buildConfigurations = (
				C9BF0474269CD39B00926C35 /* Debug */,
				C9BF0475269CD39B00926C35 /* Release */,
			);
			defaultConfigurationIsVisible = 0;
			defaultConfigurationName = Release;
		};
/* End XCConfigurationList section */
	};
	rootObject = C9BF0436269CD39900926C35 /* Project object */;
}
